{
  "requires": true,
  "lockfileVersion": 1,
  "dependencies": {
    "pure-prompt": {
      "version": "1.11.0",
      "resolved": "https://registry.npmjs.org/pure-prompt/-/pure-prompt-1.11.0.tgz",
      "integrity": "sha512-0Axas0YPQUxALvc54fEM6PdL8QrVHF78vfzaUlSxzkIxF1PZosMMNWw9XWc5MtREhTvCHVAeYY6dqS3zAK+xxw=="
    }
  }
}
